{
  "name": "vue-official",
  "version": "1.0.0",
  "lockfileVersion": 1,
  "requires": true,
  "dependencies": {
    "vue-router": {
      "version": "3.0.6",
      "resolved": "https://registry.npm.taobao.org/vue-router/download/vue-router-3.0.6.tgz",
      "integrity": "sha1-Lk8PnLsLltAgWrJpDP5YiTUTasM="
    },
    "vuex": {
      "version": "3.1.0",
      "resolved": "https://registry.npm.taobao.org/vuex/download/vuex-3.1.0.tgz",
      "integrity": "sha1-Y0uBUVzwz+l2vR/+lgF1XlH4Q7k="
    },
    "vuex-router-sync": {
      "version": "5.0.0",
      "resolved": "https://registry.npm.taobao.org/vuex-router-sync/download/vuex-router-sync-5.0.0.tgz",
      "integrity": "sha1-GiJcF6Hdni90rwobLGIHLpSSswU="
    }
  }
}
